// !$*UTF8*$!
{
	archiveVersion = 1;
	classes = {
	};
	objectVersion = 46;
	objects = {

/* Begin PBXBuildFile section */
		FA02E599196D2622004847E0 /* placeholder-avatar.png in Resources */ = {isa = PBXBuildFile; fileRef = FA02E597196D2622004847E0 /* placeholder-avatar.png */; };
		FA02E59A196D2622004847E0 /* placeholder-avatar@2x.png in Resources */ = {isa = PBXBuildFile; fileRef = FA02E598196D2622004847E0 /* placeholder-avatar@2x.png */; };
		FA193038196EC245007281C0 /* GoodsAreaView.swift in Sources */ = {isa = PBXBuildFile; fileRef = FA193037196EC245007281C0 /* GoodsAreaView.swift */; };
		FA221EB519639FAB00AFC777 /* LxNetHelper.swift in Sources */ = {isa = PBXBuildFile; fileRef = FA221EB419639FAB00AFC777 /* LxNetHelper.swift */; };
		FA221EB91963A91D00AFC777 /* MBProgressHUD.m in Sources */ = {isa = PBXBuildFile; fileRef = FA221EB81963A91D00AFC777 /* MBProgressHUD.m */; };
		FA221EF71963E00700AFC777 /* arrow-down.png in Resources */ = {isa = PBXBuildFile; fileRef = FA221EDB1963E00700AFC777 /* arrow-down.png */; };
		FA221EF81963E00700AFC777 /* arrow-down@2x.png in Resources */ = {isa = PBXBuildFile; fileRef = FA221EDC1963E00700AFC777 /* arrow-down@2x.png */; };
		FA221EF91963E00700AFC777 /* arrow-up.png in Resources */ = {isa = PBXBuildFile; fileRef = FA221EDD1963E00700AFC777 /* arrow-up.png */; };
		FA221EFA1963E00700AFC777 /* arrow-up@2x.png in Resources */ = {isa = PBXBuildFile; fileRef = FA221EDE1963E00700AFC777 /* arrow-up@2x.png */; };
		FA221EFB1963E00700AFC777 /* camera.png in Resources */ = {isa = PBXBuildFile; fileRef = FA221EDF1963E00700AFC777 /* camera.png */; };
		FA221EFC1963E00700AFC777 /* camera@2x.png in Resources */ = {isa = PBXBuildFile; fileRef = FA221EE01963E00700AFC777 /* camera@2x.png */; };
		FA221EFD1963E00700AFC777 /* cent.png in Resources */ = {isa = PBXBuildFile; fileRef = FA221EE11963E00700AFC777 /* cent.png */; };
		FA221EFE1963E00700AFC777 /* cent@2x.png in Resources */ = {isa = PBXBuildFile; fileRef = FA221EE21963E00700AFC777 /* cent@2x.png */; };
		FA221EFF1963E00700AFC777 /* checkmark.png in Resources */ = {isa = PBXBuildFile; fileRef = FA221EE31963E00700AFC777 /* checkmark.png */; };
		FA221F001963E00700AFC777 /* checkmark@2x.png in Resources */ = {isa = PBXBuildFile; fileRef = FA221EE41963E00700AFC777 /* checkmark@2x.png */; };
		FA221F011963E00700AFC777 /* cigarette.png in Resources */ = {isa = PBXBuildFile; fileRef = FA221EE51963E00700AFC777 /* cigarette.png */; };
		FA221F021963E00700AFC777 /* cigarette@2x.png in Resources */ = {isa = PBXBuildFile; fileRef = FA221EE61963E00700AFC777 /* cigarette@2x.png */; };
		FA221F031963E00700AFC777 /* credit.png in Resources */ = {isa = PBXBuildFile; fileRef = FA221EE71963E00700AFC777 /* credit.png */; };
		FA221F041963E00700AFC777 /* credit@2x.png in Resources */ = {isa = PBXBuildFile; fileRef = FA221EE81963E00700AFC777 /* credit@2x.png */; };
		FA221F051963E00700AFC777 /* digital.png in Resources */ = {isa = PBXBuildFile; fileRef = FA221EE91963E00700AFC777 /* digital.png */; };
		FA221F061963E00700AFC777 /* digital@2x.png in Resources */ = {isa = PBXBuildFile; fileRef = FA221EEA1963E00700AFC777 /* digital@2x.png */; };
		FA221F071963E00700AFC777 /* dollar.png in Resources */ = {isa = PBXBuildFile; fileRef = FA221EEB1963E00700AFC777 /* dollar.png */; };
		FA221F081963E00700AFC777 /* dollar@2x.png in Resources */ = {isa = PBXBuildFile; fileRef = FA221EEC1963E00700AFC777 /* dollar@2x.png */; };
		FA221F091963E00700AFC777 /* nosmoke.png in Resources */ = {isa = PBXBuildFile; fileRef = FA221EED1963E00700AFC777 /* nosmoke.png */; };
		FA221F0A1963E00700AFC777 /* nosmoke@2x.png in Resources */ = {isa = PBXBuildFile; fileRef = FA221EEE1963E00700AFC777 /* nosmoke@2x.png */; };
		FA221F0B1963E00700AFC777 /* shopping-in.png in Resources */ = {isa = PBXBuildFile; fileRef = FA221EEF1963E00700AFC777 /* shopping-in.png */; };
		FA221F0C1963E00700AFC777 /* shopping-in@2x.png in Resources */ = {isa = PBXBuildFile; fileRef = FA221EF01963E00700AFC777 /* shopping-in@2x.png */; };
		FA221F0D1963E00700AFC777 /* shopping-out.png in Resources */ = {isa = PBXBuildFile; fileRef = FA221EF11963E00700AFC777 /* shopping-out.png */; };
		FA221F0E1963E00700AFC777 /* shopping-out@2x.png in Resources */ = {isa = PBXBuildFile; fileRef = FA221EF21963E00700AFC777 /* shopping-out@2x.png */; };
		FA221F0F1963E00700AFC777 /* three.png in Resources */ = {isa = PBXBuildFile; fileRef = FA221EF31963E00700AFC777 /* three.png */; };
		FA221F101963E00700AFC777 /* three@2x.png in Resources */ = {isa = PBXBuildFile; fileRef = FA221EF41963E00700AFC777 /* three@2x.png */; };
		FA221F111963E00700AFC777 /* wifi.png in Resources */ = {isa = PBXBuildFile; fileRef = FA221EF51963E00700AFC777 /* wifi.png */; };
		FA221F121963E00700AFC777 /* wifi@2x.png in Resources */ = {isa = PBXBuildFile; fileRef = FA221EF61963E00700AFC777 /* wifi@2x.png */; };
		FA2DF6B4195BAE05001269D8 /* Storyboard.storyboard in Resources */ = {isa = PBXBuildFile; fileRef = FA2DF6B3195BAE05001269D8 /* Storyboard.storyboard */; };
		FA2DF6BA195BB030001269D8 /* MainTestViewController.swift in Sources */ = {isa = PBXBuildFile; fileRef = FA2DF6B9195BB030001269D8 /* MainTestViewController.swift */; };
		FA327B66196B7D0F000B17C6 /* AppInfoDBAccessor.swift in Sources */ = {isa = PBXBuildFile; fileRef = FA327B65196B7D0F000B17C6 /* AppInfoDBAccessor.swift */; };
		FA327B68196B7DA9000B17C6 /* UserInfoDBAccessor.swift in Sources */ = {isa = PBXBuildFile; fileRef = FA327B67196B7DA9000B17C6 /* UserInfoDBAccessor.swift */; };
		FA327B6A196B7DE5000B17C6 /* GoodsInfoDBAccessor.swift in Sources */ = {isa = PBXBuildFile; fileRef = FA327B69196B7DE5000B17C6 /* GoodsInfoDBAccessor.swift */; };
		FA327B6C196BC734000B17C6 /* LxbaseCollectionViewCell.swift in Sources */ = {isa = PBXBuildFile; fileRef = FA327B6B196BC734000B17C6 /* LxbaseCollectionViewCell.swift */; };
		FA327B6E196BC84F000B17C6 /* PhotoCell.swift in Sources */ = {isa = PBXBuildFile; fileRef = FA327B6D196BC84F000B17C6 /* PhotoCell.swift */; };
		FA327B70196BCD78000B17C6 /* LxbaseCollectionViewController.swift in Sources */ = {isa = PBXBuildFile; fileRef = FA327B6F196BCD78000B17C6 /* LxbaseCollectionViewController.swift */; };
		FA327B72196BCE0F000B17C6 /* GoodsListCollectionViewController.swift in Sources */ = {isa = PBXBuildFile; fileRef = FA327B71196BCE0F000B17C6 /* GoodsListCollectionViewController.swift */; };
		FA460D18195AC9B6004F9C2A /* AppDelegate.swift in Sources */ = {isa = PBXBuildFile; fileRef = FA460D17195AC9B6004F9C2A /* AppDelegate.swift */; };
		FA460D1B195AC9B6004F9C2A /* Travelforuser.xcdatamodeld in Sources */ = {isa = PBXBuildFile; fileRef = FA460D19195AC9B6004F9C2A /* Travelforuser.xcdatamodeld */; };
		FA460D1D195AC9B6004F9C2A /* Images.xcassets in Resources */ = {isa = PBXBuildFile; fileRef = FA460D1C195AC9B6004F9C2A /* Images.xcassets */; };
		FA460D29195AC9B6004F9C2A /* TravelforuserTests.swift in Sources */ = {isa = PBXBuildFile; fileRef = FA460D28195AC9B6004F9C2A /* TravelforuserTests.swift */; };
		FA460D36195ACAB1004F9C2A /* LxAPPContainer.swift in Sources */ = {isa = PBXBuildFile; fileRef = FA460D33195ACAB1004F9C2A /* LxAPPContainer.swift */; };
		FA460D37195ACAB1004F9C2A /* LxServiceInfo.swift in Sources */ = {isa = PBXBuildFile; fileRef = FA460D34195ACAB1004F9C2A /* LxServiceInfo.swift */; };
		FA460D3C195ACB01004F9C2A /* LxbaseViewController.swift in Sources */ = {isa = PBXBuildFile; fileRef = FA460D3B195ACB01004F9C2A /* LxbaseViewController.swift */; };
		FA460D40195ACB33004F9C2A /* CoreDataHelper.swift in Sources */ = {isa = PBXBuildFile; fileRef = FA460D3E195ACB33004F9C2A /* CoreDataHelper.swift */; };
		FA460D41195ACB33004F9C2A /* LxDBAccessor.swift in Sources */ = {isa = PBXBuildFile; fileRef = FA460D3F195ACB33004F9C2A /* LxDBAccessor.swift */; };
		FA460D46195ACB60004F9C2A /* LxbaseEntity.swift in Sources */ = {isa = PBXBuildFile; fileRef = FA460D45195ACB60004F9C2A /* LxbaseEntity.swift */; };
		FA460D49195ACB69004F9C2A /* LxAppInfoEntity.swift in Sources */ = {isa = PBXBuildFile; fileRef = FA460D47195ACB69004F9C2A /* LxAppInfoEntity.swift */; };
		FA460D4A195ACB69004F9C2A /* LxUserInfoEntity.swift in Sources */ = {isa = PBXBuildFile; fileRef = FA460D48195ACB69004F9C2A /* LxUserInfoEntity.swift */; };
		FA460D4D195ACB8D004F9C2A /* String.swift in Sources */ = {isa = PBXBuildFile; fileRef = FA460D4C195ACB8D004F9C2A /* String.swift */; };
		FA460D65195ACBDC004F9C2A /* AFHTTPRequestOperation.m in Sources */ = {isa = PBXBuildFile; fileRef = FA460D53195ACBDC004F9C2A /* AFHTTPRequestOperation.m */; };
		FA460D66195ACBDC004F9C2A /* AFHTTPRequestOperationManager.m in Sources */ = {isa = PBXBuildFile; fileRef = FA460D55195ACBDC004F9C2A /* AFHTTPRequestOperationManager.m */; };
		FA460D67195ACBDC004F9C2A /* AFHTTPSessionManager.m in Sources */ = {isa = PBXBuildFile; fileRef = FA460D57195ACBDC004F9C2A /* AFHTTPSessionManager.m */; };
		FA460D68195ACBDC004F9C2A /* AFNetworkReachabilityManager.m in Sources */ = {isa = PBXBuildFile; fileRef = FA460D5A195ACBDC004F9C2A /* AFNetworkReachabilityManager.m */; };
		FA460D69195ACBDC004F9C2A /* AFSecurityPolicy.m in Sources */ = {isa = PBXBuildFile; fileRef = FA460D5C195ACBDC004F9C2A /* AFSecurityPolicy.m */; };
		FA460D6A195ACBDC004F9C2A /* AFURLConnectionOperation.m in Sources */ = {isa = PBXBuildFile; fileRef = FA460D5E195ACBDC004F9C2A /* AFURLConnectionOperation.m */; };
		FA460D6B195ACBDC004F9C2A /* AFURLRequestSerialization.m in Sources */ = {isa = PBXBuildFile; fileRef = FA460D60195ACBDC004F9C2A /* AFURLRequestSerialization.m */; };
		FA460D6C195ACBDC004F9C2A /* AFURLResponseSerialization.m in Sources */ = {isa = PBXBuildFile; fileRef = FA460D62195ACBDC004F9C2A /* AFURLResponseSerialization.m */; };
		FA460D6D195ACBDC004F9C2A /* AFURLSessionManager.m in Sources */ = {isa = PBXBuildFile; fileRef = FA460D64195ACBDC004F9C2A /* AFURLSessionManager.m */; };
		FA460D7F195ACBF0004F9C2A /* AFNetworkActivityIndicatorManager.m in Sources */ = {isa = PBXBuildFile; fileRef = FA460D6F195ACBF0004F9C2A /* AFNetworkActivityIndicatorManager.m */; };
		FA460D80195ACBF0004F9C2A /* UIActivityIndicatorView+AFNetworking.m in Sources */ = {isa = PBXBuildFile; fileRef = FA460D71195ACBF0004F9C2A /* UIActivityIndicatorView+AFNetworking.m */; };
		FA460D81195ACBF0004F9C2A /* UIAlertView+AFNetworking.m in Sources */ = {isa = PBXBuildFile; fileRef = FA460D73195ACBF0004F9C2A /* UIAlertView+AFNetworking.m */; };
		FA460D82195ACBF0004F9C2A /* UIButton+AFNetworking.m in Sources */ = {isa = PBXBuildFile; fileRef = FA460D75195ACBF0004F9C2A /* UIButton+AFNetworking.m */; };
		FA460D83195ACBF0004F9C2A /* UIImageView+AFNetworking.m in Sources */ = {isa = PBXBuildFile; fileRef = FA460D77195ACBF0004F9C2A /* UIImageView+AFNetworking.m */; };
		FA460D84195ACBF0004F9C2A /* UIProgressView+AFNetworking.m in Sources */ = {isa = PBXBuildFile; fileRef = FA460D7A195ACBF0004F9C2A /* UIProgressView+AFNetworking.m */; };
		FA460D85195ACBF0004F9C2A /* UIRefreshControl+AFNetworking.m in Sources */ = {isa = PBXBuildFile; fileRef = FA460D7C195ACBF0004F9C2A /* UIRefreshControl+AFNetworking.m */; };
		FA460D86195ACBF0004F9C2A /* UIWebView+AFNetworking.m in Sources */ = {isa = PBXBuildFile; fileRef = FA460D7E195ACBF0004F9C2A /* UIWebView+AFNetworking.m */; };
		FA460D89195AD140004F9C2A /* InfoPlist.strings in Resources */ = {isa = PBXBuildFile; fileRef = FA460D8B195AD140004F9C2A /* InfoPlist.strings */; };
		FA460D8E195AD175004F9C2A /* Localizable.strings in Resources */ = {isa = PBXBuildFile; fileRef = FA460D90195AD175004F9C2A /* Localizable.strings */; };
		FA5D51B0196A651200A308AD /* LxGoodsInfoEntity.swift in Sources */ = {isa = PBXBuildFile; fileRef = FA5D51AF196A651200A308AD /* LxGoodsInfoEntity.swift */; };
		FA5FD1CE196521A0002D2F40 /* InfoList.storyboard in Resources */ = {isa = PBXBuildFile; fileRef = FA5FD1CD196521A0002D2F40 /* InfoList.storyboard */; };
		FA5FD1D0196522B3002D2F40 /* MainViewController.swift in Sources */ = {isa = PBXBuildFile; fileRef = FA5FD1CF196522B3002D2F40 /* MainViewController.swift */; };
		FA5FD1D2196529B5002D2F40 /* LxbaseSplitViewController.swift in Sources */ = {isa = PBXBuildFile; fileRef = FA5FD1D1196529B5002D2F40 /* LxbaseSplitViewController.swift */; };
		FA5FD1D419652AD4002D2F40 /* MainSplitViewController.swift in Sources */ = {isa = PBXBuildFile; fileRef = FA5FD1D319652AD4002D2F40 /* MainSplitViewController.swift */; };
		FA5FD1D619652B2A002D2F40 /* LxbaseNavigationController.swift in Sources */ = {isa = PBXBuildFile; fileRef = FA5FD1D519652B2A002D2F40 /* LxbaseNavigationController.swift */; };
		FA5FD1D819652B7F002D2F40 /* MainNavigationController.swift in Sources */ = {isa = PBXBuildFile; fileRef = FA5FD1D719652B7F002D2F40 /* MainNavigationController.swift */; };
		FA5FD1DC196540A5002D2F40 /* LxbaseTableView.swift in Sources */ = {isa = PBXBuildFile; fileRef = FA5FD1DB196540A5002D2F40 /* LxbaseTableView.swift */; };
		FA5FD1DE196540EB002D2F40 /* MainTableView.swift in Sources */ = {isa = PBXBuildFile; fileRef = FA5FD1DD196540EB002D2F40 /* MainTableView.swift */; };
		FA5FD1E019654147002D2F40 /* LxbaseView.swift in Sources */ = {isa = PBXBuildFile; fileRef = FA5FD1DF19654147002D2F40 /* LxbaseView.swift */; };
		FA5FD1E219654179002D2F40 /* MainView.swift in Sources */ = {isa = PBXBuildFile; fileRef = FA5FD1E119654179002D2F40 /* MainView.swift */; };
		FA5FD1E4196541DB002D2F40 /* LxbaseTableViewController.swift in Sources */ = {isa = PBXBuildFile; fileRef = FA5FD1E3196541DB002D2F40 /* LxbaseTableViewController.swift */; };
		FA5FD1E6196541F8002D2F40 /* MainTableViewController.swift in Sources */ = {isa = PBXBuildFile; fileRef = FA5FD1E5196541F8002D2F40 /* MainTableViewController.swift */; };
		FA8D18F4196E97010073FCBD /* GoodsAreaTableViewCell.swift in Sources */ = {isa = PBXBuildFile; fileRef = FA8D18F3196E97010073FCBD /* GoodsAreaTableViewCell.swift */; };
		FA8D18F6196E97350073FCBD /* GoodsAreaScrollView.swift in Sources */ = {isa = PBXBuildFile; fileRef = FA8D18F5196E97350073FCBD /* GoodsAreaScrollView.swift */; };
		FA8FD15C196CD27300D6F7B6 /* GoodsListMainViewController.swift in Sources */ = {isa = PBXBuildFile; fileRef = FA8FD15B196CD27300D6F7B6 /* GoodsListMainViewController.swift */; };
		FA8FD15E196CD2C400D6F7B6 /* LxbaseScrollView.swift in Sources */ = {isa = PBXBuildFile; fileRef = FA8FD15D196CD2C400D6F7B6 /* LxbaseScrollView.swift */; };
		FA8FD160196CD2F900D6F7B6 /* LxbaseTableViewCell.swift in Sources */ = {isa = PBXBuildFile; fileRef = FA8FD15F196CD2F900D6F7B6 /* LxbaseTableViewCell.swift */; };
		FA8FD162196CD34B00D6F7B6 /* GoodsTableViewCell.swift in Sources */ = {isa = PBXBuildFile; fileRef = FA8FD161196CD34B00D6F7B6 /* GoodsTableViewCell.swift */; };
		FA8FD166196CD93200D6F7B6 /* GoodsListTableView.swift in Sources */ = {isa = PBXBuildFile; fileRef = FA8FD165196CD93200D6F7B6 /* GoodsListTableView.swift */; };
		FA8FD168196CDDC600D6F7B6 /* LxbaseImageView.swift in Sources */ = {isa = PBXBuildFile; fileRef = FA8FD167196CDDC600D6F7B6 /* LxbaseImageView.swift */; };
		FA8FD16A196CDF7000D6F7B6 /* LxImageView.swift in Sources */ = {isa = PBXBuildFile; fileRef = FA8FD169196CDF7000D6F7B6 /* LxImageView.swift */; };
		FA8FD16C196CE09400D6F7B6 /* LxbaseLabel.swift in Sources */ = {isa = PBXBuildFile; fileRef = FA8FD16B196CE09400D6F7B6 /* LxbaseLabel.swift */; };
		FA8FD170196CE24200D6F7B6 /* LxLabel.swift in Sources */ = {isa = PBXBuildFile; fileRef = FA8FD16F196CE24200D6F7B6 /* LxLabel.swift */; };
		FAE9AF6A196FBE410024091D /* LxAreaInfoEntity.swift in Sources */ = {isa = PBXBuildFile; fileRef = FAE9AF69196FBE410024091D /* LxAreaInfoEntity.swift */; };
/* End PBXBuildFile section */

/* Begin PBXContainerItemProxy section */
		FA460D23195AC9B6004F9C2A /* PBXContainerItemProxy */ = {
			isa = PBXContainerItemProxy;
			containerPortal = FA460D0A195AC9B6004F9C2A /* Project object */;
			proxyType = 1;
			remoteGlobalIDString = FA460D11195AC9B6004F9C2A;
			remoteInfo = Travelforuser;
		};
/* End PBXContainerItemProxy section */

/* Begin PBXFileReference section */
		FA02E597196D2622004847E0 /* placeholder-avatar.png */ = {isa = PBXFileReference; lastKnownFileType = image.png; name = "placeholder-avatar.png"; path = "Images/placeholder-avatar.png"; sourceTree = "<group>"; };
		FA02E598196D2622004847E0 /* placeholder-avatar@2x.png */ = {isa = PBXFileReference; lastKnownFileType = image.png; name = "placeholder-avatar@2x.png"; path = "Images/placeholder-avatar@2x.png"; sourceTree = "<group>"; };
		FA193037196EC245007281C0 /* GoodsAreaView.swift */ = {isa = PBXFileReference; fileEncoding = 4; lastKnownFileType = sourcecode.swift; name = GoodsAreaView.swift; path = view/subView/GoodsAreaView.swift; sourceTree = "<group>"; };
		FA1DDD0F195D3A150030AD85 /* MyPlayground.playground */ = {isa = PBXFileReference; lastKnownFileType = file.playground; path = MyPlayground.playground; sourceTree = "<group>"; };
		FA221EB419639FAB00AFC777 /* LxNetHelper.swift */ = {isa = PBXFileReference; fileEncoding = 4; lastKnownFileType = sourcecode.swift; name = LxNetHelper.swift; path = Networks/LxNetHelper.swift; sourceTree = "<group>"; };
		FA221EB71963A91D00AFC777 /* MBProgressHUD.h */ = {isa = PBXFileReference; fileEncoding = 4; lastKnownFileType = sourcecode.c.h; name = MBProgressHUD.h; path = UI/HUD/MBProgressHUD.h; sourceTree = "<group>"; };
		FA221EB81963A91D00AFC777 /* MBProgressHUD.m */ = {isa = PBXFileReference; fileEncoding = 4; lastKnownFileType = sourcecode.c.objc; name = MBProgressHUD.m; path = UI/HUD/MBProgressHUD.m; sourceTree = "<group>"; };
		FA221EDB1963E00700AFC777 /* arrow-down.png */ = {isa = PBXFileReference; lastKnownFileType = image.png; name = "arrow-down.png"; path = "Images/arrow-down.png"; sourceTree = "<group>"; };
		FA221EDC1963E00700AFC777 /* arrow-down@2x.png */ = {isa = PBXFileReference; lastKnownFileType = image.png; name = "arrow-down@2x.png"; path = "Images/arrow-down@2x.png"; sourceTree = "<group>"; };
		FA221EDD1963E00700AFC777 /* arrow-up.png */ = {isa = PBXFileReference; lastKnownFileType = image.png; name = "arrow-up.png"; path = "Images/arrow-up.png"; sourceTree = "<group>"; };
		FA221EDE1963E00700AFC777 /* arrow-up@2x.png */ = {isa = PBXFileReference; lastKnownFileType = image.png; name = "arrow-up@2x.png"; path = "Images/arrow-up@2x.png"; sourceTree = "<group>"; };
		FA221EDF1963E00700AFC777 /* camera.png */ = {isa = PBXFileReference; lastKnownFileType = image.png; name = camera.png; path = Images/camera.png; sourceTree = "<group>"; };
		FA221EE01963E00700AFC777 /* camera@2x.png */ = {isa = PBXFileReference; lastKnownFileType = image.png; name = "camera@2x.png"; path = "Images/camera@2x.png"; sourceTree = "<group>"; };
		FA221EE11963E00700AFC777 /* cent.png */ = {isa = PBXFileReference; lastKnownFileType = image.png; name = cent.png; path = Images/cent.png; sourceTree = "<group>"; };
		FA221EE21963E00700AFC777 /* cent@2x.png */ = {isa = PBXFileReference; lastKnownFileType = image.png; name = "cent@2x.png"; path = "Images/cent@2x.png"; sourceTree = "<group>"; };
		FA221EE31963E00700AFC777 /* checkmark.png */ = {isa = PBXFileReference; lastKnownFileType = image.png; name = checkmark.png; path = Images/checkmark.png; sourceTree = "<group>"; };
		FA221EE41963E00700AFC777 /* checkmark@2x.png */ = {isa = PBXFileReference; lastKnownFileType = image.png; name = "checkmark@2x.png"; path = "Images/checkmark@2x.png"; sourceTree = "<group>"; };
		FA221EE51963E00700AFC777 /* cigarette.png */ = {isa = PBXFileReference; lastKnownFileType = image.png; name = cigarette.png; path = Images/cigarette.png; sourceTree = "<group>"; };
		FA221EE61963E00700AFC777 /* cigarette@2x.png */ = {isa = PBXFileReference; lastKnownFileType = image.png; name = "cigarette@2x.png"; path = "Images/cigarette@2x.png"; sourceTree = "<group>"; };
		FA221EE71963E00700AFC777 /* credit.png */ = {isa = PBXFileReference; lastKnownFileType = image.png; name = credit.png; path = Images/credit.png; sourceTree = "<group>"; };
		FA221EE81963E00700AFC777 /* credit@2x.png */ = {isa = PBXFileReference; lastKnownFileType = image.png; name = "credit@2x.png"; path = "Images/credit@2x.png"; sourceTree = "<group>"; };
		FA221EE91963E00700AFC777 /* digital.png */ = {isa = PBXFileReference; lastKnownFileType = image.png; name = digital.png; path = Images/digital.png; sourceTree = "<group>"; };
		FA221EEA1963E00700AFC777 /* digital@2x.png */ = {isa = PBXFileReference; lastKnownFileType = image.png; name = "digital@2x.png"; path = "Images/digital@2x.png"; sourceTree = "<group>"; };
		FA221EEB1963E00700AFC777 /* dollar.png */ = {isa = PBXFileReference; lastKnownFileType = image.png; name = dollar.png; path = Images/dollar.png; sourceTree = "<group>"; };
		FA221EEC1963E00700AFC777 /* dollar@2x.png */ = {isa = PBXFileReference; lastKnownFileType = image.png; name = "dollar@2x.png"; path = "Images/dollar@2x.png"; sourceTree = "<group>"; };
		FA221EED1963E00700AFC777 /* nosmoke.png */ = {isa = PBXFileReference; lastKnownFileType = image.png; name = nosmoke.png; path = Images/nosmoke.png; sourceTree = "<group>"; };
		FA221EEE1963E00700AFC777 /* nosmoke@2x.png */ = {isa = PBXFileReference; lastKnownFileType = image.png; name = "nosmoke@2x.png"; path = "Images/nosmoke@2x.png"; sourceTree = "<group>"; };
		FA221EEF1963E00700AFC777 /* shopping-in.png */ = {isa = PBXFileReference; lastKnownFileType = image.png; name = "shopping-in.png"; path = "Images/shopping-in.png"; sourceTree = "<group>"; };
		FA221EF01963E00700AFC777 /* shopping-in@2x.png */ = {isa = PBXFileReference; lastKnownFileType = image.png; name = "shopping-in@2x.png"; path = "Images/shopping-in@2x.png"; sourceTree = "<group>"; };
		FA221EF11963E00700AFC777 /* shopping-out.png */ = {isa = PBXFileReference; lastKnownFileType = image.png; name = "shopping-out.png"; path = "Images/shopping-out.png"; sourceTree = "<group>"; };
		FA221EF21963E00700AFC777 /* shopping-out@2x.png */ = {isa = PBXFileReference; lastKnownFileType = image.png; name = "shopping-out@2x.png"; path = "Images/shopping-out@2x.png"; sourceTree = "<group>"; };
		FA221EF31963E00700AFC777 /* three.png */ = {isa = PBXFileReference; lastKnownFileType = image.png; name = three.png; path = Images/three.png; sourceTree = "<group>"; };
		FA221EF41963E00700AFC777 /* three@2x.png */ = {isa = PBXFileReference; lastKnownFileType = image.png; name = "three@2x.png"; path = "Images/three@2x.png"; sourceTree = "<group>"; };
		FA221EF51963E00700AFC777 /* wifi.png */ = {isa = PBXFileReference; lastKnownFileType = image.png; name = wifi.png; path = Images/wifi.png; sourceTree = "<group>"; };
		FA221EF61963E00700AFC777 /* wifi@2x.png */ = {isa = PBXFileReference; lastKnownFileType = image.png; name = "wifi@2x.png"; path = "Images/wifi@2x.png"; sourceTree = "<group>"; };
		FA2DF6B3195BAE05001269D8 /* Storyboard.storyboard */ = {isa = PBXFileReference; fileEncoding = 4; lastKnownFileType = file.storyboard; path = Storyboard.storyboard; sourceTree = "<group>"; };
		FA2DF6B9195BB030001269D8 /* MainTestViewController.swift */ = {isa = PBXFileReference; fileEncoding = 4; lastKnownFileType = sourcecode.swift; name = MainTestViewController.swift; path = controller/subController/MainTestViewController.swift; sourceTree = "<group>"; };
		FA327B65196B7D0F000B17C6 /* AppInfoDBAccessor.swift */ = {isa = PBXFileReference; fileEncoding = 4; lastKnownFileType = sourcecode.swift; name = AppInfoDBAccessor.swift; path = DB/extension/AppInfoDBAccessor.swift; sourceTree = "<group>"; };
		FA327B67196B7DA9000B17C6 /* UserInfoDBAccessor.swift */ = {isa = PBXFileReference; fileEncoding = 4; lastKnownFileType = sourcecode.swift; name = UserInfoDBAccessor.swift; path = DB/extension/UserInfoDBAccessor.swift; sourceTree = "<group>"; };
		FA327B69196B7DE5000B17C6 /* GoodsInfoDBAccessor.swift */ = {isa = PBXFileReference; fileEncoding = 4; lastKnownFileType = sourcecode.swift; name = GoodsInfoDBAccessor.swift; path = DB/extension/GoodsInfoDBAccessor.swift; sourceTree = "<group>"; };
		FA327B6B196BC734000B17C6 /* LxbaseCollectionViewCell.swift */ = {isa = PBXFileReference; fileEncoding = 4; lastKnownFileType = sourcecode.swift; name = LxbaseCollectionViewCell.swift; path = view/baseView/LxbaseCollectionViewCell.swift; sourceTree = "<group>"; };
		FA327B6D196BC84F000B17C6 /* PhotoCell.swift */ = {isa = PBXFileReference; fileEncoding = 4; lastKnownFileType = sourcecode.swift; name = PhotoCell.swift; path = view/subView/PhotoCell.swift; sourceTree = "<group>"; };
		FA327B6F196BCD78000B17C6 /* LxbaseCollectionViewController.swift */ = {isa = PBXFileReference; fileEncoding = 4; lastKnownFileType = sourcecode.swift; name = LxbaseCollectionViewController.swift; path = controller/baseController/LxbaseCollectionViewController.swift; sourceTree = "<group>"; };
		FA327B71196BCE0F000B17C6 /* GoodsListCollectionViewController.swift */ = {isa = PBXFileReference; fileEncoding = 4; lastKnownFileType = sourcecode.swift; name = GoodsListCollectionViewController.swift; path = controller/subController/GoodsListCollectionViewController.swift; sourceTree = "<group>"; };
		FA460D12195AC9B6004F9C2A /* Travelforuser.app */ = {isa = PBXFileReference; explicitFileType = wrapper.application; includeInIndex = 0; path = Travelforuser.app; sourceTree = BUILT_PRODUCTS_DIR; };
		FA460D16195AC9B6004F9C2A /* Info.plist */ = {isa = PBXFileReference; lastKnownFileType = text.plist.xml; path = Info.plist; sourceTree = "<group>"; };
		FA460D17195AC9B6004F9C2A /* AppDelegate.swift */ = {isa = PBXFileReference; lastKnownFileType = sourcecode.swift; path = AppDelegate.swift; sourceTree = "<group>"; };
		FA460D1A195AC9B6004F9C2A /* Travelforuser.xcdatamodel */ = {isa = PBXFileReference; lastKnownFileType = wrapper.xcdatamodel; path = Travelforuser.xcdatamodel; sourceTree = "<group>"; };
		FA460D1C195AC9B6004F9C2A /* Images.xcassets */ = {isa = PBXFileReference; lastKnownFileType = folder.assetcatalog; path = Images.xcassets; sourceTree = "<group>"; };
		FA460D22195AC9B6004F9C2A /* TravelforuserTests.xctest */ = {isa = PBXFileReference; explicitFileType = wrapper.cfbundle; includeInIndex = 0; path = TravelforuserTests.xctest; sourceTree = BUILT_PRODUCTS_DIR; };
		FA460D27195AC9B6004F9C2A /* Info.plist */ = {isa = PBXFileReference; lastKnownFileType = text.plist.xml; path = Info.plist; sourceTree = "<group>"; };
		FA460D28195AC9B6004F9C2A /* TravelforuserTests.swift */ = {isa = PBXFileReference; lastKnownFileType = sourcecode.swift; path = TravelforuserTests.swift; sourceTree = "<group>"; };
		FA460D33195ACAB1004F9C2A /* LxAPPContainer.swift */ = {isa = PBXFileReference; fileEncoding = 4; lastKnownFileType = sourcecode.swift; name = LxAPPContainer.swift; path = constant/LxAPPContainer.swift; sourceTree = "<group>"; };
		FA460D34195ACAB1004F9C2A /* LxServiceInfo.swift */ = {isa = PBXFileReference; fileEncoding = 4; lastKnownFileType = sourcecode.swift; name = LxServiceInfo.swift; path = constant/LxServiceInfo.swift; sourceTree = "<group>"; };
		FA460D35195ACAB1004F9C2A /* Travelforuser-Bridging-Header.h */ = {isa = PBXFileReference; fileEncoding = 4; lastKnownFileType = sourcecode.c.h; name = "Travelforuser-Bridging-Header.h"; path = "constant/Travelforuser-Bridging-Header.h"; sourceTree = "<group>"; };
		FA460D3B195ACB01004F9C2A /* LxbaseViewController.swift */ = {isa = PBXFileReference; fileEncoding = 4; lastKnownFileType = sourcecode.swift; name = LxbaseViewController.swift; path = controller/baseController/LxbaseViewController.swift; sourceTree = "<group>"; };
		FA460D3E195ACB33004F9C2A /* CoreDataHelper.swift */ = {isa = PBXFileReference; fileEncoding = 4; lastKnownFileType = sourcecode.swift; name = CoreDataHelper.swift; path = DB/CoreDataHelper.swift; sourceTree = "<group>"; };
		FA460D3F195ACB33004F9C2A /* LxDBAccessor.swift */ = {isa = PBXFileReference; fileEncoding = 4; lastKnownFileType = sourcecode.swift; name = LxDBAccessor.swift; path = DB/LxDBAccessor.swift; sourceTree = "<group>"; };
		FA460D45195ACB60004F9C2A /* LxbaseEntity.swift */ = {isa = PBXFileReference; fileEncoding = 4; lastKnownFileType = sourcecode.swift; name = LxbaseEntity.swift; path = entity/baseEntity/LxbaseEntity.swift; sourceTree = "<group>"; };
		FA460D47195ACB69004F9C2A /* LxAppInfoEntity.swift */ = {isa = PBXFileReference; fileEncoding = 4; lastKnownFileType = sourcecode.swift; name = LxAppInfoEntity.swift; path = entity/subEntity/LxAppInfoEntity.swift; sourceTree = "<group>"; };
		FA460D48195ACB69004F9C2A /* LxUserInfoEntity.swift */ = {isa = PBXFileReference; fileEncoding = 4; lastKnownFileType = sourcecode.swift; name = LxUserInfoEntity.swift; path = entity/subEntity/LxUserInfoEntity.swift; sourceTree = "<group>"; };
		FA460D4C195ACB8D004F9C2A /* String.swift */ = {isa = PBXFileReference; fileEncoding = 4; lastKnownFileType = sourcecode.swift; name = String.swift; path = extension/String.swift; sourceTree = "<group>"; };
		FA460D52195ACBDC004F9C2A /* AFHTTPRequestOperation.h */ = {isa = PBXFileReference; fileEncoding = 4; lastKnownFileType = sourcecode.c.h; name = AFHTTPRequestOperation.h; path = Networks/AFNetworking/AFHTTPRequestOperation.h; sourceTree = "<group>"; };
		FA460D53195ACBDC004F9C2A /* AFHTTPRequestOperation.m */ = {isa = PBXFileReference; fileEncoding = 4; lastKnownFileType = sourcecode.c.objc; name = AFHTTPRequestOperation.m; path = Networks/AFNetworking/AFHTTPRequestOperation.m; sourceTree = "<group>"; };
		FA460D54195ACBDC004F9C2A /* AFHTTPRequestOperationManager.h */ = {isa = PBXFileReference; fileEncoding = 4; lastKnownFileType = sourcecode.c.h; name = AFHTTPRequestOperationManager.h; path = Networks/AFNetworking/AFHTTPRequestOperationManager.h; sourceTree = "<group>"; };
		FA460D55195ACBDC004F9C2A /* AFHTTPRequestOperationManager.m */ = {isa = PBXFileReference; fileEncoding = 4; lastKnownFileType = sourcecode.c.objc; name = AFHTTPRequestOperationManager.m; path = Networks/AFNetworking/AFHTTPRequestOperationManager.m; sourceTree = "<group>"; };
		FA460D56195ACBDC004F9C2A /* AFHTTPSessionManager.h */ = {isa = PBXFileReference; fileEncoding = 4; lastKnownFileType = sourcecode.c.h; name = AFHTTPSessionManager.h; path = Networks/AFNetworking/AFHTTPSessionManager.h; sourceTree = "<group>"; };
		FA460D57195ACBDC004F9C2A /* AFHTTPSessionManager.m */ = {isa = PBXFileReference; fileEncoding = 4; lastKnownFileType = sourcecode.c.objc; name = AFHTTPSessionManager.m; path = Networks/AFNetworking/AFHTTPSessionManager.m; sourceTree = "<group>"; };
		FA460D58195ACBDC004F9C2A /* AFNetworking.h */ = {isa = PBXFileReference; fileEncoding = 4; lastKnownFileType = sourcecode.c.h; name = AFNetworking.h; path = Networks/AFNetworking/AFNetworking.h; sourceTree = "<group>"; };
		FA460D59195ACBDC004F9C2A /* AFNetworkReachabilityManager.h */ = {isa = PBXFileReference; fileEncoding = 4; lastKnownFileType = sourcecode.c.h; name = AFNetworkReachabilityManager.h; path = Networks/AFNetworking/AFNetworkReachabilityManager.h; sourceTree = "<group>"; };
		FA460D5A195ACBDC004F9C2A /* AFNetworkReachabilityManager.m */ = {isa = PBXFileReference; fileEncoding = 4; lastKnownFileType = sourcecode.c.objc; name = AFNetworkReachabilityManager.m; path = Networks/AFNetworking/AFNetworkReachabilityManager.m; sourceTree = "<group>"; };
		FA460D5B195ACBDC004F9C2A /* AFSecurityPolicy.h */ = {isa = PBXFileReference; fileEncoding = 4; lastKnownFileType = sourcecode.c.h; name = AFSecurityPolicy.h; path = Networks/AFNetworking/AFSecurityPolicy.h; sourceTree = "<group>"; };
		FA460D5C195ACBDC004F9C2A /* AFSecurityPolicy.m */ = {isa = PBXFileReference; fileEncoding = 4; lastKnownFileType = sourcecode.c.objc; name = AFSecurityPolicy.m; path = Networks/AFNetworking/AFSecurityPolicy.m; sourceTree = "<group>"; };
		FA460D5D195ACBDC004F9C2A /* AFURLConnectionOperation.h */ = {isa = PBXFileReference; fileEncoding = 4; lastKnownFileType = sourcecode.c.h; name = AFURLConnectionOperation.h; path = Networks/AFNetworking/AFURLConnectionOperation.h; sourceTree = "<group>"; };
		FA460D5E195ACBDC004F9C2A /* AFURLConnectionOperation.m */ = {isa = PBXFileReference; fileEncoding = 4; lastKnownFileType = sourcecode.c.objc; name = AFURLConnectionOperation.m; path = Networks/AFNetworking/AFURLConnectionOperation.m; sourceTree = "<group>"; };
		FA460D5F195ACBDC004F9C2A /* AFURLRequestSerialization.h */ = {isa = PBXFileReference; fileEncoding = 4; lastKnownFileType = sourcecode.c.h; name = AFURLRequestSerialization.h; path = Networks/AFNetworking/AFURLRequestSerialization.h; sourceTree = "<group>"; };
		FA460D60195ACBDC004F9C2A /* AFURLRequestSerialization.m */ = {isa = PBXFileReference; fileEncoding = 4; lastKnownFileType = sourcecode.c.objc; name = AFURLRequestSerialization.m; path = Networks/AFNetworking/AFURLRequestSerialization.m; sourceTree = "<group>"; };
		FA460D61195ACBDC004F9C2A /* AFURLResponseSerialization.h */ = {isa = PBXFileReference; fileEncoding = 4; lastKnownFileType = sourcecode.c.h; name = AFURLResponseSerialization.h; path = Networks/AFNetworking/AFURLResponseSerialization.h; sourceTree = "<group>"; };
		FA460D62195ACBDC004F9C2A /* AFURLResponseSerialization.m */ = {isa = PBXFileReference; fileEncoding = 4; lastKnownFileType = sourcecode.c.objc; name = AFURLResponseSerialization.m; path = Networks/AFNetworking/AFURLResponseSerialization.m; sourceTree = "<group>"; };
		FA460D63195ACBDC004F9C2A /* AFURLSessionManager.h */ = {isa = PBXFileReference; fileEncoding = 4; lastKnownFileType = sourcecode.c.h; name = AFURLSessionManager.h; path = Networks/AFNetworking/AFURLSessionManager.h; sourceTree = "<group>"; };
		FA460D64195ACBDC004F9C2A /* AFURLSessionManager.m */ = {isa = PBXFileReference; fileEncoding = 4; lastKnownFileType = sourcecode.c.objc; name = AFURLSessionManager.m; path = Networks/AFNetworking/AFURLSessionManager.m; sourceTree = "<group>"; };
		FA460D6E195ACBF0004F9C2A /* AFNetworkActivityIndicatorManager.h */ = {isa = PBXFileReference; fileEncoding = 4; lastKnownFileType = sourcecode.c.h; name = AFNetworkActivityIndicatorManager.h; path = "Networks/UIKit+AFNetworking/AFNetworkActivityIndicatorManager.h"; sourceTree = "<group>"; };
		FA460D6F195ACBF0004F9C2A /* AFNetworkActivityIndicatorManager.m */ = {isa = PBXFileReference; fileEncoding = 4; lastKnownFileType = sourcecode.c.objc; name = AFNetworkActivityIndicatorManager.m; path = "Networks/UIKit+AFNetworking/AFNetworkActivityIndicatorManager.m"; sourceTree = "<group>"; };
		FA460D70195ACBF0004F9C2A /* UIActivityIndicatorView+AFNetworking.h */ = {isa = PBXFileReference; fileEncoding = 4; lastKnownFileType = sourcecode.c.h; name = "UIActivityIndicatorView+AFNetworking.h"; path = "Networks/UIKit+AFNetworking/UIActivityIndicatorView+AFNetworking.h"; sourceTree = "<group>"; };
		FA460D71195ACBF0004F9C2A /* UIActivityIndicatorView+AFNetworking.m */ = {isa = PBXFileReference; fileEncoding = 4; lastKnownFileType = sourcecode.c.objc; name = "UIActivityIndicatorView+AFNetworking.m"; path = "Networks/UIKit+AFNetworking/UIActivityIndicatorView+AFNetworking.m"; sourceTree = "<group>"; };
		FA460D72195ACBF0004F9C2A /* UIAlertView+AFNetworking.h */ = {isa = PBXFileReference; fileEncoding = 4; lastKnownFileType = sourcecode.c.h; name = "UIAlertView+AFNetworking.h"; path = "Networks/UIKit+AFNetworking/UIAlertView+AFNetworking.h"; sourceTree = "<group>"; };
		FA460D73195ACBF0004F9C2A /* UIAlertView+AFNetworking.m */ = {isa = PBXFileReference; fileEncoding = 4; lastKnownFileType = sourcecode.c.objc; name = "UIAlertView+AFNetworking.m"; path = "Networks/UIKit+AFNetworking/UIAlertView+AFNetworking.m"; sourceTree = "<group>"; };
		FA460D74195ACBF0004F9C2A /* UIButton+AFNetworking.h */ = {isa = PBXFileReference; fileEncoding = 4; lastKnownFileType = sourcecode.c.h; name = "UIButton+AFNetworking.h"; path = "Networks/UIKit+AFNetworking/UIButton+AFNetworking.h"; sourceTree = "<group>"; };
		FA460D75195ACBF0004F9C2A /* UIButton+AFNetworking.m */ = {isa = PBXFileReference; fileEncoding = 4; lastKnownFileType = sourcecode.c.objc; name = "UIButton+AFNetworking.m"; path = "Networks/UIKit+AFNetworking/UIButton+AFNetworking.m"; sourceTree = "<group>"; };
		FA460D76195ACBF0004F9C2A /* UIImageView+AFNetworking.h */ = {isa = PBXFileReference; fileEncoding = 4; lastKnownFileType = sourcecode.c.h; name = "UIImageView+AFNetworking.h"; path = "Networks/UIKit+AFNetworking/UIImageView+AFNetworking.h"; sourceTree = "<group>"; };
		FA460D77195ACBF0004F9C2A /* UIImageView+AFNetworking.m */ = {isa = PBXFileReference; fileEncoding = 4; lastKnownFileType = sourcecode.c.objc; name = "UIImageView+AFNetworking.m"; path = "Networks/UIKit+AFNetworking/UIImageView+AFNetworking.m"; sourceTree = "<group>"; };
		FA460D78195ACBF0004F9C2A /* UIKit+AFNetworking.h */ = {isa = PBXFileReference; fileEncoding = 4; lastKnownFileType = sourcecode.c.h; name = "UIKit+AFNetworking.h"; path = "Networks/UIKit+AFNetworking/UIKit+AFNetworking.h"; sourceTree = "<group>"; };
		FA460D79195ACBF0004F9C2A /* UIProgressView+AFNetworking.h */ = {isa = PBXFileReference; fileEncoding = 4; lastKnownFileType = sourcecode.c.h; name = "UIProgressView+AFNetworking.h"; path = "Networks/UIKit+AFNetworking/UIProgressView+AFNetworking.h"; sourceTree = "<group>"; };
		FA460D7A195ACBF0004F9C2A /* UIProgressView+AFNetworking.m */ = {isa = PBXFileReference; fileEncoding = 4; lastKnownFileType = sourcecode.c.objc; name = "UIProgressView+AFNetworking.m"; path = "Networks/UIKit+AFNetworking/UIProgressView+AFNetworking.m"; sourceTree = "<group>"; };
		FA460D7B195ACBF0004F9C2A /* UIRefreshControl+AFNetworking.h */ = {isa = PBXFileReference; fileEncoding = 4; lastKnownFileType = sourcecode.c.h; name = "UIRefreshControl+AFNetworking.h"; path = "Networks/UIKit+AFNetworking/UIRefreshControl+AFNetworking.h"; sourceTree = "<group>"; };
		FA460D7C195ACBF0004F9C2A /* UIRefreshControl+AFNetworking.m */ = {isa = PBXFileReference; fileEncoding = 4; lastKnownFileType = sourcecode.c.objc; name = "UIRefreshControl+AFNetworking.m"; path = "Networks/UIKit+AFNetworking/UIRefreshControl+AFNetworking.m"; sourceTree = "<group>"; };
		FA460D7D195ACBF0004F9C2A /* UIWebView+AFNetworking.h */ = {isa = PBXFileReference; fileEncoding = 4; lastKnownFileType = sourcecode.c.h; name = "UIWebView+AFNetworking.h"; path = "Networks/UIKit+AFNetworking/UIWebView+AFNetworking.h"; sourceTree = "<group>"; };
		FA460D7E195ACBF0004F9C2A /* UIWebView+AFNetworking.m */ = {isa = PBXFileReference; fileEncoding = 4; lastKnownFileType = sourcecode.c.objc; name = "UIWebView+AFNetworking.m"; path = "Networks/UIKit+AFNetworking/UIWebView+AFNetworking.m"; sourceTree = "<group>"; };
		FA460D8A195AD140004F9C2A /* en */ = {isa = PBXFileReference; lastKnownFileType = text.plist.strings; name = en; path = en.lproj/InfoPlist.strings; sourceTree = "<group>"; };
		FA460D8F195AD175004F9C2A /* en */ = {isa = PBXFileReference; lastKnownFileType = text.plist.strings; name = en; path = en.lproj/Localizable.strings; sourceTree = "<group>"; };
		FA460D91195AD1A5004F9C2A /* ja */ = {isa = PBXFileReference; lastKnownFileType = text.plist.strings; name = ja; path = ja.lproj/InfoPlist.strings; sourceTree = "<group>"; };
		FA460D92195AD1A5004F9C2A /* ja */ = {isa = PBXFileReference; lastKnownFileType = text.plist.strings; name = ja; path = ja.lproj/Localizable.strings; sourceTree = "<group>"; };
		FA460D93195AD1B2004F9C2A /* zh-Hans */ = {isa = PBXFileReference; lastKnownFileType = text.plist.strings; name = "zh-Hans"; path = "zh-Hans.lproj/InfoPlist.strings"; sourceTree = "<group>"; };
		FA460D94195AD1B2004F9C2A /* zh-Hans */ = {isa = PBXFileReference; lastKnownFileType = text.plist.strings; name = "zh-Hans"; path = "zh-Hans.lproj/Localizable.strings"; sourceTree = "<group>"; };
		FA5D51AF196A651200A308AD /* LxGoodsInfoEntity.swift */ = {isa = PBXFileReference; fileEncoding = 4; lastKnownFileType = sourcecode.swift; name = LxGoodsInfoEntity.swift; path = entity/subEntity/LxGoodsInfoEntity.swift; sourceTree = "<group>"; };
		FA5FD1CD196521A0002D2F40 /* InfoList.storyboard */ = {isa = PBXFileReference; fileEncoding = 4; lastKnownFileType = file.storyboard; name = InfoList.storyboard; path = Storyboard/InfoList.storyboard; sourceTree = "<group>"; };
		FA5FD1CF196522B3002D2F40 /* MainViewController.swift */ = {isa = PBXFileReference; fileEncoding = 4; lastKnownFileType = sourcecode.swift; name = MainViewController.swift; path = controller/subController/MainViewController.swift; sourceTree = "<group>"; };
		FA5FD1D1196529B5002D2F40 /* LxbaseSplitViewController.swift */ = {isa = PBXFileReference; fileEncoding = 4; lastKnownFileType = sourcecode.swift; name = LxbaseSplitViewController.swift; path = controller/baseController/LxbaseSplitViewController.swift; sourceTree = "<group>"; };
		FA5FD1D319652AD4002D2F40 /* MainSplitViewController.swift */ = {isa = PBXFileReference; fileEncoding = 4; lastKnownFileType = sourcecode.swift; name = MainSplitViewController.swift; path = controller/subController/MainSplitViewController.swift; sourceTree = "<group>"; };
		FA5FD1D519652B2A002D2F40 /* LxbaseNavigationController.swift */ = {isa = PBXFileReference; fileEncoding = 4; lastKnownFileType = sourcecode.swift; name = LxbaseNavigationController.swift; path = controller/baseController/LxbaseNavigationController.swift; sourceTree = "<group>"; };
		FA5FD1D719652B7F002D2F40 /* MainNavigationController.swift */ = {isa = PBXFileReference; fileEncoding = 4; lastKnownFileType = sourcecode.swift; name = MainNavigationController.swift; path = controller/subController/MainNavigationController.swift; sourceTree = "<group>"; };
		FA5FD1DB196540A5002D2F40 /* LxbaseTableView.swift */ = {isa = PBXFileReference; fileEncoding = 4; lastKnownFileType = sourcecode.swift; name = LxbaseTableView.swift; path = view/baseView/LxbaseTableView.swift; sourceTree = "<group>"; };
		FA5FD1DD196540EB002D2F40 /* MainTableView.swift */ = {isa = PBXFileReference; fileEncoding = 4; lastKnownFileType = sourcecode.swift; name = MainTableView.swift; path = view/subView/MainTableView.swift; sourceTree = "<group>"; };
		FA5FD1DF19654147002D2F40 /* LxbaseView.swift */ = {isa = PBXFileReference; fileEncoding = 4; lastKnownFileType = sourcecode.swift; name = LxbaseView.swift; path = view/baseView/LxbaseView.swift; sourceTree = "<group>"; };
		FA5FD1E119654179002D2F40 /* MainView.swift */ = {isa = PBXFileReference; fileEncoding = 4; lastKnownFileType = sourcecode.swift; name = MainView.swift; path = view/subView/MainView.swift; sourceTree = "<group>"; };
		FA5FD1E3196541DB002D2F40 /* LxbaseTableViewController.swift */ = {isa = PBXFileReference; fileEncoding = 4; lastKnownFileType = sourcecode.swift; name = LxbaseTableViewController.swift; path = controller/baseController/LxbaseTableViewController.swift; sourceTree = "<group>"; };
		FA5FD1E5196541F8002D2F40 /* MainTableViewController.swift */ = {isa = PBXFileReference; fileEncoding = 4; lastKnownFileType = sourcecode.swift; name = MainTableViewController.swift; path = controller/subController/MainTableViewController.swift; sourceTree = "<group>"; };
		FA8D18F3196E97010073FCBD /* GoodsAreaTableViewCell.swift */ = {isa = PBXFileReference; fileEncoding = 4; lastKnownFileType = sourcecode.swift; name = GoodsAreaTableViewCell.swift; path = view/subView/GoodsAreaTableViewCell.swift; sourceTree = "<group>"; };
		FA8D18F5196E97350073FCBD /* GoodsAreaScrollView.swift */ = {isa = PBXFileReference; fileEncoding = 4; lastKnownFileType = sourcecode.swift; name = GoodsAreaScrollView.swift; path = view/subView/GoodsAreaScrollView.swift; sourceTree = "<group>"; };
		FA8FD15B196CD27300D6F7B6 /* GoodsListMainViewController.swift */ = {isa = PBXFileReference; fileEncoding = 4; lastKnownFileType = sourcecode.swift; name = GoodsListMainViewController.swift; path = controller/subController/GoodsListMainViewController.swift; sourceTree = "<group>"; };
		FA8FD15D196CD2C400D6F7B6 /* LxbaseScrollView.swift */ = {isa = PBXFileReference; fileEncoding = 4; lastKnownFileType = sourcecode.swift; name = LxbaseScrollView.swift; path = view/baseView/LxbaseScrollView.swift; sourceTree = "<group>"; };
		FA8FD15F196CD2F900D6F7B6 /* LxbaseTableViewCell.swift */ = {isa = PBXFileReference; fileEncoding = 4; lastKnownFileType = sourcecode.swift; name = LxbaseTableViewCell.swift; path = view/baseView/LxbaseTableViewCell.swift; sourceTree = "<group>"; };
		FA8FD161196CD34B00D6F7B6 /* GoodsTableViewCell.swift */ = {isa = PBXFileReference; fileEncoding = 4; lastKnownFileType = sourcecode.swift; name = GoodsTableViewCell.swift; path = view/subView/GoodsTableViewCell.swift; sourceTree = "<group>"; };
		FA8FD165196CD93200D6F7B6 /* GoodsListTableView.swift */ = {isa = PBXFileReference; fileEncoding = 4; lastKnownFileType = sourcecode.swift; name = GoodsListTableView.swift; path = view/subView/GoodsListTableView.swift; sourceTree = "<group>"; };
		FA8FD167196CDDC600D6F7B6 /* LxbaseImageView.swift */ = {isa = PBXFileReference; fileEncoding = 4; lastKnownFileType = sourcecode.swift; name = LxbaseImageView.swift; path = view/baseView/LxbaseImageView.swift; sourceTree = "<group>"; };
		FA8FD169196CDF7000D6F7B6 /* LxImageView.swift */ = {isa = PBXFileReference; fileEncoding = 4; lastKnownFileType = sourcecode.swift; name = LxImageView.swift; path = view/subView/LxImageView.swift; sourceTree = "<group>"; };
		FA8FD16B196CE09400D6F7B6 /* LxbaseLabel.swift */ = {isa = PBXFileReference; fileEncoding = 4; lastKnownFileType = sourcecode.swift; name = LxbaseLabel.swift; path = view/baseView/LxbaseLabel.swift; sourceTree = "<group>"; };
		FA8FD16F196CE24200D6F7B6 /* LxLabel.swift */ = {isa = PBXFileReference; fileEncoding = 4; lastKnownFileType = sourcecode.swift; name = LxLabel.swift; path = view/subView/LxLabel.swift; sourceTree = "<group>"; };
		FAE9AF69196FBE410024091D /* LxAreaInfoEntity.swift */ = {isa = PBXFileReference; fileEncoding = 4; lastKnownFileType = sourcecode.swift; name = LxAreaInfoEntity.swift; path = entity/subEntity/LxAreaInfoEntity.swift; sourceTree = "<group>"; };
/* End PBXFileReference section */

/* Begin PBXFrameworksBuildPhase section */
		FA460D0F195AC9B6004F9C2A /* Frameworks */ = {
			isa = PBXFrameworksBuildPhase;
			buildActionMask = 2147483647;
			files = (
			);
			runOnlyForDeploymentPostprocessing = 0;
		};
		FA460D1F195AC9B6004F9C2A /* Frameworks */ = {
			isa = PBXFrameworksBuildPhase;
			buildActionMask = 2147483647;
			files = (
			);
			runOnlyForDeploymentPostprocessing = 0;
		};
/* End PBXFrameworksBuildPhase section */

/* Begin PBXGroup section */
		FA221DD01963910400AFC777 /* UI */ = {
			isa = PBXGroup;
			children = (
				FA221EB61963A8D700AFC777 /* HUD */,
				FA221DD11963910B00AFC777 /* TapkuLibrary */,
			);
			name = UI;
			sourceTree = "<group>";
		};
		FA221DD11963910B00AFC777 /* TapkuLibrary */ = {
			isa = PBXGroup;
			children = (
			);
			name = TapkuLibrary;
			sourceTree = "<group>";
		};
		FA221EB61963A8D700AFC777 /* HUD */ = {
			isa = PBXGroup;
			children = (
				FA221EB71963A91D00AFC777 /* MBProgressHUD.h */,
				FA221EB81963A91D00AFC777 /* MBProgressHUD.m */,
			);
			name = HUD;
			sourceTree = "<group>";
		};
		FA221EDA1963DFEA00AFC777 /* Images */ = {
			isa = PBXGroup;
			children = (
				FA02E597196D2622004847E0 /* placeholder-avatar.png */,
				FA02E598196D2622004847E0 /* placeholder-avatar@2x.png */,
				FA221EDB1963E00700AFC777 /* arrow-down.png */,
				FA221EDC1963E00700AFC777 /* arrow-down@2x.png */,
				FA221EDD1963E00700AFC777 /* arrow-up.png */,
				FA221EDE1963E00700AFC777 /* arrow-up@2x.png */,
				FA221EDF1963E00700AFC777 /* camera.png */,
				FA221EE01963E00700AFC777 /* camera@2x.png */,
				FA221EE11963E00700AFC777 /* cent.png */,
				FA221EE21963E00700AFC777 /* cent@2x.png */,
				FA221EE31963E00700AFC777 /* checkmark.png */,
				FA221EE41963E00700AFC777 /* checkmark@2x.png */,
				FA221EE51963E00700AFC777 /* cigarette.png */,
				FA221EE61963E00700AFC777 /* cigarette@2x.png */,
				FA221EE71963E00700AFC777 /* credit.png */,
				FA221EE81963E00700AFC777 /* credit@2x.png */,
				FA221EE91963E00700AFC777 /* digital.png */,
				FA221EEA1963E00700AFC777 /* digital@2x.png */,
				FA221EEB1963E00700AFC777 /* dollar.png */,
				FA221EEC1963E00700AFC777 /* dollar@2x.png */,
				FA221EED1963E00700AFC777 /* nosmoke.png */,
				FA221EEE1963E00700AFC777 /* nosmoke@2x.png */,
				FA221EEF1963E00700AFC777 /* shopping-in.png */,
				FA221EF01963E00700AFC777 /* shopping-in@2x.png */,
				FA221EF11963E00700AFC777 /* shopping-out.png */,
				FA221EF21963E00700AFC777 /* shopping-out@2x.png */,
				FA221EF31963E00700AFC777 /* three.png */,
				FA221EF41963E00700AFC777 /* three@2x.png */,
				FA221EF51963E00700AFC777 /* wifi.png */,
				FA221EF61963E00700AFC777 /* wifi@2x.png */,
			);
			name = Images;
			sourceTree = "<group>";
		};
		FA327B64196B7CA6000B17C6 /* extension */ = {
			isa = PBXGroup;
			children = (
				FA327B65196B7D0F000B17C6 /* AppInfoDBAccessor.swift */,
				FA327B67196B7DA9000B17C6 /* UserInfoDBAccessor.swift */,
				FA327B69196B7DE5000B17C6 /* GoodsInfoDBAccessor.swift */,
			);
			name = extension;
			sourceTree = "<group>";
		};
		FA460D09195AC9B6004F9C2A = {
			isa = PBXGroup;
			children = (
				FA460D14195AC9B6004F9C2A /* Travelforuser */,
				FA460D25195AC9B6004F9C2A /* TravelforuserTests */,
				FA460D13195AC9B6004F9C2A /* Products */,
			);
			sourceTree = "<group>";
		};
		FA460D13195AC9B6004F9C2A /* Products */ = {
			isa = PBXGroup;
			children = (
				FA460D12195AC9B6004F9C2A /* Travelforuser.app */,
				FA460D22195AC9B6004F9C2A /* TravelforuserTests.xctest */,
			);
			name = Products;
			sourceTree = "<group>";
		};
		FA460D14195AC9B6004F9C2A /* Travelforuser */ = {
			isa = PBXGroup;
			children = (
				FA5FD1CC1965210A002D2F40 /* Storyboard */,
				FA221DD01963910400AFC777 /* UI */,
				FA460D4F195ACBA9004F9C2A /* Networks */,
				FA460D3D195ACB23004F9C2A /* DB */,
				FA460D38195ACABE004F9C2A /* controller */,
				FA460D4E195ACB9E004F9C2A /* view */,
				FA460D4B195ACB7C004F9C2A /* extension */,
				FA460D42195ACB3E004F9C2A /* entity */,
				FAF2CE14195C09BC00634722 /* models */,
				FA460D32195ACA9A004F9C2A /* constant */,
				FA460D17195AC9B6004F9C2A /* AppDelegate.swift */,
				FA460D1C195AC9B6004F9C2A /* Images.xcassets */,
				FA460D19195AC9B6004F9C2A /* Travelforuser.xcdatamodeld */,
				FA460D15195AC9B6004F9C2A /* Supporting Files */,
				FA2DF6B3195BAE05001269D8 /* Storyboard.storyboard */,
				FA1DDD0F195D3A150030AD85 /* MyPlayground.playground */,
			);
			path = Travelforuser;
			sourceTree = "<group>";
		};
		FA460D15195AC9B6004F9C2A /* Supporting Files */ = {
			isa = PBXGroup;
			children = (
				FA221EDA1963DFEA00AFC777 /* Images */,
				FA460D16195AC9B6004F9C2A /* Info.plist */,
				FA460D8B195AD140004F9C2A /* InfoPlist.strings */,
				FA460D90195AD175004F9C2A /* Localizable.strings */,
			);
			name = "Supporting Files";
			sourceTree = "<group>";
		};
		FA460D25195AC9B6004F9C2A /* TravelforuserTests */ = {
			isa = PBXGroup;
			children = (
				FA460D28195AC9B6004F9C2A /* TravelforuserTests.swift */,
				FA460D26195AC9B6004F9C2A /* Supporting Files */,
			);
			path = TravelforuserTests;
			sourceTree = "<group>";
		};
		FA460D26195AC9B6004F9C2A /* Supporting Files */ = {
			isa = PBXGroup;
			children = (
				FA460D27195AC9B6004F9C2A /* Info.plist */,
			);
			name = "Supporting Files";
			sourceTree = "<group>";
		};
		FA460D32195ACA9A004F9C2A /* constant */ = {
			isa = PBXGroup;
			children = (
				FA460D33195ACAB1004F9C2A /* LxAPPContainer.swift */,
				FA460D34195ACAB1004F9C2A /* LxServiceInfo.swift */,
				FA460D35195ACAB1004F9C2A /* Travelforuser-Bridging-Header.h */,
			);
			name = constant;
			sourceTree = "<group>";
		};
		FA460D38195ACABE004F9C2A /* controller */ = {
			isa = PBXGroup;
			children = (
				FA460D39195ACAC6004F9C2A /* baseController */,
				FA460D3A195ACAF1004F9C2A /* subController */,
			);
			name = controller;
			sourceTree = "<group>";
		};
		FA460D39195ACAC6004F9C2A /* baseController */ = {
			isa = PBXGroup;
			children = (
				FA460D3B195ACB01004F9C2A /* LxbaseViewController.swift */,
				FA5FD1D1196529B5002D2F40 /* LxbaseSplitViewController.swift */,
				FA5FD1D519652B2A002D2F40 /* LxbaseNavigationController.swift */,
				FA5FD1E3196541DB002D2F40 /* LxbaseTableViewController.swift */,
				FA327B6F196BCD78000B17C6 /* LxbaseCollectionViewController.swift */,
				FA8FD16B196CE09400D6F7B6 /* LxbaseLabel.swift */,
			);
			name = baseController;
			sourceTree = "<group>";
		};
		FA460D3A195ACAF1004F9C2A /* subController */ = {
			isa = PBXGroup;
			children = (
				FA2DF6B9195BB030001269D8 /* MainTestViewController.swift */,
				FA5FD1CF196522B3002D2F40 /* MainViewController.swift */,
				FA5FD1D319652AD4002D2F40 /* MainSplitViewController.swift */,
				FA5FD1D719652B7F002D2F40 /* MainNavigationController.swift */,
				FA5FD1E5196541F8002D2F40 /* MainTableViewController.swift */,
				FA327B71196BCE0F000B17C6 /* GoodsListCollectionViewController.swift */,
				FA8FD15B196CD27300D6F7B6 /* GoodsListMainViewController.swift */,
			);
			name = subController;
			sourceTree = "<group>";
		};
		FA460D3D195ACB23004F9C2A /* DB */ = {
			isa = PBXGroup;
			children = (
				FA460D3E195ACB33004F9C2A /* CoreDataHelper.swift */,
				FA460D3F195ACB33004F9C2A /* LxDBAccessor.swift */,
				FA327B64196B7CA6000B17C6 /* extension */,
			);
			name = DB;
			sourceTree = "<group>";
		};
		FA460D42195ACB3E004F9C2A /* entity */ = {
			isa = PBXGroup;
			children = (
				FA460D44195ACB4E004F9C2A /* baseEntity */,
				FA460D43195ACB44004F9C2A /* subEntity */,
			);
			name = entity;
			sourceTree = "<group>";
		};
		FA460D43195ACB44004F9C2A /* subEntity */ = {
			isa = PBXGroup;
			children = (
				FA460D47195ACB69004F9C2A /* LxAppInfoEntity.swift */,
				FA460D48195ACB69004F9C2A /* LxUserInfoEntity.swift */,
				FA5D51AF196A651200A308AD /* LxGoodsInfoEntity.swift */,
				FAE9AF69196FBE410024091D /* LxAreaInfoEntity.swift */,
			);
			name = subEntity;
			sourceTree = "<group>";
		};
		FA460D44195ACB4E004F9C2A /* baseEntity */ = {
			isa = PBXGroup;
			children = (
				FA460D45195ACB60004F9C2A /* LxbaseEntity.swift */,
			);
			name = baseEntity;
			sourceTree = "<group>";
		};
		FA460D4B195ACB7C004F9C2A /* extension */ = {
			isa = PBXGroup;
			children = (
				FA460D4C195ACB8D004F9C2A /* String.swift */,
			);
			name = extension;
			sourceTree = "<group>";
		};
		FA460D4E195ACB9E004F9C2A /* view */ = {
			isa = PBXGroup;
			children = (
				FA5FD1DA1965406D002D2F40 /* baseView */,
				FA5FD1D919654063002D2F40 /* subView */,
			);
			name = view;
			sourceTree = "<group>";
		};
		FA460D4F195ACBA9004F9C2A /* Networks */ = {
			isa = PBXGroup;
			children = (
				FA460D50195ACBB7004F9C2A /* AFNetworking */,
				FA460D51195ACBC2004F9C2A /* UIKit+AFNetworking */,
				FA221EB419639FAB00AFC777 /* LxNetHelper.swift */,
			);
			name = Networks;
			sourceTree = "<group>";
		};
		FA460D50195ACBB7004F9C2A /* AFNetworking */ = {
			isa = PBXGroup;
			children = (
				FA460D52195ACBDC004F9C2A /* AFHTTPRequestOperation.h */,
				FA460D53195ACBDC004F9C2A /* AFHTTPRequestOperation.m */,
				FA460D54195ACBDC004F9C2A /* AFHTTPRequestOperationManager.h */,
				FA460D55195ACBDC004F9C2A /* AFHTTPRequestOperationManager.m */,
				FA460D56195ACBDC004F9C2A /* AFHTTPSessionManager.h */,
				FA460D57195ACBDC004F9C2A /* AFHTTPSessionManager.m */,
				FA460D58195ACBDC004F9C2A /* AFNetworking.h */,
				FA460D59195ACBDC004F9C2A /* AFNetworkReachabilityManager.h */,
				FA460D5A195ACBDC004F9C2A /* AFNetworkReachabilityManager.m */,
				FA460D5B195ACBDC004F9C2A /* AFSecurityPolicy.h */,
				FA460D5C195ACBDC004F9C2A /* AFSecurityPolicy.m */,
				FA460D5D195ACBDC004F9C2A /* AFURLConnectionOperation.h */,
				FA460D5E195ACBDC004F9C2A /* AFURLConnectionOperation.m */,
				FA460D5F195ACBDC004F9C2A /* AFURLRequestSerialization.h */,
				FA460D60195ACBDC004F9C2A /* AFURLRequestSerialization.m */,
				FA460D61195ACBDC004F9C2A /* AFURLResponseSerialization.h */,
				FA460D62195ACBDC004F9C2A /* AFURLResponseSerialization.m */,
				FA460D63195ACBDC004F9C2A /* AFURLSessionManager.h */,
				FA460D64195ACBDC004F9C2A /* AFURLSessionManager.m */,
			);
			name = AFNetworking;
			sourceTree = "<group>";
		};
		FA460D51195ACBC2004F9C2A /* UIKit+AFNetworking */ = {
			isa = PBXGroup;
			children = (
				FA460D6E195ACBF0004F9C2A /* AFNetworkActivityIndicatorManager.h */,
				FA460D6F195ACBF0004F9C2A /* AFNetworkActivityIndicatorManager.m */,
				FA460D70195ACBF0004F9C2A /* UIActivityIndicatorView+AFNetworking.h */,
				FA460D71195ACBF0004F9C2A /* UIActivityIndicatorView+AFNetworking.m */,
				FA460D72195ACBF0004F9C2A /* UIAlertView+AFNetworking.h */,
				FA460D73195ACBF0004F9C2A /* UIAlertView+AFNetworking.m */,
				FA460D74195ACBF0004F9C2A /* UIButton+AFNetworking.h */,
				FA460D75195ACBF0004F9C2A /* UIButton+AFNetworking.m */,
				FA460D76195ACBF0004F9C2A /* UIImageView+AFNetworking.h */,
				FA460D77195ACBF0004F9C2A /* UIImageView+AFNetworking.m */,
				FA460D78195ACBF0004F9C2A /* UIKit+AFNetworking.h */,
				FA460D79195ACBF0004F9C2A /* UIProgressView+AFNetworking.h */,
				FA460D7A195ACBF0004F9C2A /* UIProgressView+AFNetworking.m */,
				FA460D7B195ACBF0004F9C2A /* UIRefreshControl+AFNetworking.h */,
				FA460D7C195ACBF0004F9C2A /* UIRefreshControl+AFNetworking.m */,
				FA460D7D195ACBF0004F9C2A /* UIWebView+AFNetworking.h */,
				FA460D7E195ACBF0004F9C2A /* UIWebView+AFNetworking.m */,
			);
			name = "UIKit+AFNetworking";
			sourceTree = "<group>";
		};
		FA5FD1CC1965210A002D2F40 /* Storyboard */ = {
			isa = PBXGroup;
			children = (
				FA5FD1CD196521A0002D2F40 /* InfoList.storyboard */,
			);
			name = Storyboard;
			sourceTree = "<group>";
		};
		FA5FD1D919654063002D2F40 /* subView */ = {
			isa = PBXGroup;
			children = (
				FA8FD16F196CE24200D6F7B6 /* LxLabel.swift */,
				FA5FD1DD196540EB002D2F40 /* MainTableView.swift */,
				FA5FD1E119654179002D2F40 /* MainView.swift */,
				FA327B6D196BC84F000B17C6 /* PhotoCell.swift */,
				FA8FD161196CD34B00D6F7B6 /* GoodsTableViewCell.swift */,
				FA8FD165196CD93200D6F7B6 /* GoodsListTableView.swift */,
				FA8FD169196CDF7000D6F7B6 /* LxImageView.swift */,
				FA8D18F3196E97010073FCBD /* GoodsAreaTableViewCell.swift */,
				FA8D18F5196E97350073FCBD /* GoodsAreaScrollView.swift */,
				FA193037196EC245007281C0 /* GoodsAreaView.swift */,
			);
			name = subView;
			sourceTree = "<group>";
		};
		FA5FD1DA1965406D002D2F40 /* baseView */ = {
			isa = PBXGroup;
			children = (
				FA5FD1DB196540A5002D2F40 /* LxbaseTableView.swift */,
				FA5FD1DF19654147002D2F40 /* LxbaseView.swift */,
				FA327B6B196BC734000B17C6 /* LxbaseCollectionViewCell.swift */,
				FA8FD15D196CD2C400D6F7B6 /* LxbaseScrollView.swift */,
				FA8FD15F196CD2F900D6F7B6 /* LxbaseTableViewCell.swift */,
				FA8FD167196CDDC600D6F7B6 /* LxbaseImageView.swift */,
			);
			name = baseView;
			sourceTree = "<group>";
		};
		FAF2CE14195C09BC00634722 /* models */ = {
			isa = PBXGroup;
			children = (
				FAF2CE16195C09D800634722 /* baseModel */,
				FAF2CE15195C09CC00634722 /* subModel */,
			);
			name = models;
			sourceTree = "<group>";
		};
		FAF2CE15195C09CC00634722 /* subModel */ = {
			isa = PBXGroup;
			children = (
			);
			name = subModel;
			sourceTree = "<group>";
		};
		FAF2CE16195C09D800634722 /* baseModel */ = {
			isa = PBXGroup;
			children = (
			);
			name = baseModel;
			sourceTree = "<group>";
		};
/* End PBXGroup section */

/* Begin PBXNativeTarget section */
		FA460D11195AC9B6004F9C2A /* Travelforuser */ = {
			isa = PBXNativeTarget;
			buildConfigurationList = FA460D2C195AC9B6004F9C2A /* Build configuration list for PBXNativeTarget "Travelforuser" */;
			buildPhases = (
				FA460D0E195AC9B6004F9C2A /* Sources */,
				FA460D0F195AC9B6004F9C2A /* Frameworks */,
				FA460D10195AC9B6004F9C2A /* Resources */,
			);
			buildRules = (
			);
			dependencies = (
			);
			name = Travelforuser;
			productName = Travelforuser;
			productReference = FA460D12195AC9B6004F9C2A /* Travelforuser.app */;
			productType = "com.apple.product-type.application";
		};
		FA460D21195AC9B6004F9C2A /* TravelforuserTests */ = {
			isa = PBXNativeTarget;
			buildConfigurationList = FA460D2F195AC9B6004F9C2A /* Build configuration list for PBXNativeTarget "TravelforuserTests" */;
			buildPhases = (
				FA460D1E195AC9B6004F9C2A /* Sources */,
				FA460D1F195AC9B6004F9C2A /* Frameworks */,
				FA460D20195AC9B6004F9C2A /* Resources */,
			);
			buildRules = (
			);
			dependencies = (
				FA460D24195AC9B6004F9C2A /* PBXTargetDependency */,
			);
			name = TravelforuserTests;
			productName = TravelforuserTests;
			productReference = FA460D22195AC9B6004F9C2A /* TravelforuserTests.xctest */;
			productType = "com.apple.product-type.bundle.unit-test";
		};
/* End PBXNativeTarget section */

/* Begin PBXProject section */
		FA460D0A195AC9B6004F9C2A /* Project object */ = {
			isa = PBXProject;
			attributes = {
				LastUpgradeCheck = 0600;
				ORGANIZATIONNAME = "倫星";
				TargetAttributes = {
					FA460D11195AC9B6004F9C2A = {
						CreatedOnToolsVersion = 6.0;
					};
					FA460D21195AC9B6004F9C2A = {
						CreatedOnToolsVersion = 6.0;
						TestTargetID = FA460D11195AC9B6004F9C2A;
					};
				};
			};
			buildConfigurationList = FA460D0D195AC9B6004F9C2A /* Build configuration list for PBXProject "Travelforuser" */;
			compatibilityVersion = "Xcode 3.2";
			developmentRegion = English;
			hasScannedForEncodings = 0;
			knownRegions = (
				en,
				ja,
				"zh-Hans",
			);
			mainGroup = FA460D09195AC9B6004F9C2A;
			productRefGroup = FA460D13195AC9B6004F9C2A /* Products */;
			projectDirPath = "";
			projectRoot = "";
			targets = (
				FA460D11195AC9B6004F9C2A /* Travelforuser */,
				FA460D21195AC9B6004F9C2A /* TravelforuserTests */,
			);
		};
/* End PBXProject section */

/* Begin PBXResourcesBuildPhase section */
		FA460D10195AC9B6004F9C2A /* Resources */ = {
			isa = PBXResourcesBuildPhase;
			buildActionMask = 2147483647;
			files = (
				FA221EF91963E00700AFC777 /* arrow-up.png in Resources */,
				FA221EFC1963E00700AFC777 /* camera@2x.png in Resources */,
				FA221F071963E00700AFC777 /* dollar.png in Resources */,
				FA221EFA1963E00700AFC777 /* arrow-up@2x.png in Resources */,
				FA460D1D195AC9B6004F9C2A /* Images.xcassets in Resources */,
				FA221F101963E00700AFC777 /* three@2x.png in Resources */,
				FA5FD1CE196521A0002D2F40 /* InfoList.storyboard in Resources */,
				FA221F0B1963E00700AFC777 /* shopping-in.png in Resources */,
				FA221EF71963E00700AFC777 /* arrow-down.png in Resources */,
				FA221F041963E00700AFC777 /* credit@2x.png in Resources */,
				FA221F0A1963E00700AFC777 /* nosmoke@2x.png in Resources */,
				FA221F021963E00700AFC777 /* cigarette@2x.png in Resources */,
				FA02E599196D2622004847E0 /* placeholder-avatar.png in Resources */,
				FA221EFB1963E00700AFC777 /* camera.png in Resources */,
				FA221F031963E00700AFC777 /* credit.png in Resources */,
				FA221F0F1963E00700AFC777 /* three.png in Resources */,
				FA221F091963E00700AFC777 /* nosmoke.png in Resources */,
				FA221F0E1963E00700AFC777 /* shopping-out@2x.png in Resources */,
				FA221F081963E00700AFC777 /* dollar@2x.png in Resources */,
				FA221F001963E00700AFC777 /* checkmark@2x.png in Resources */,
				FA221EFE1963E00700AFC777 /* cent@2x.png in Resources */,
				FA221EF81963E00700AFC777 /* arrow-down@2x.png in Resources */,
				FA2DF6B4195BAE05001269D8 /* Storyboard.storyboard in Resources */,
				FA221F011963E00700AFC777 /* cigarette.png in Resources */,
				FA221F0D1963E00700AFC777 /* shopping-out.png in Resources */,
				FA221F121963E00700AFC777 /* wifi@2x.png in Resources */,
				FA221F0C1963E00700AFC777 /* shopping-in@2x.png in Resources */,
				FA221EFF1963E00700AFC777 /* checkmark.png in Resources */,
				FA02E59A196D2622004847E0 /* placeholder-avatar@2x.png in Resources */,
				FA460D8E195AD175004F9C2A /* Localizable.strings in Resources */,
				FA221F111963E00700AFC777 /* wifi.png in Resources */,
				FA221EFD1963E00700AFC777 /* cent.png in Resources */,
				FA221F061963E00700AFC777 /* digital@2x.png in Resources */,
				FA460D89195AD140004F9C2A /* InfoPlist.strings in Resources */,
				FA221F051963E00700AFC777 /* digital.png in Resources */,
			);
			runOnlyForDeploymentPostprocessing = 0;
		};
		FA460D20195AC9B6004F9C2A /* Resources */ = {
			isa = PBXResourcesBuildPhase;
			buildActionMask = 2147483647;
			files = (
			);
			runOnlyForDeploymentPostprocessing = 0;
		};
/* End PBXResourcesBuildPhase section */

/* Begin PBXSourcesBuildPhase section */
		FA460D0E195AC9B6004F9C2A /* Sources */ = {
			isa = PBXSourcesBuildPhase;
			buildActionMask = 2147483647;
			files = (
				FA5FD1DE196540EB002D2F40 /* MainTableView.swift in Sources */,
				FA327B6A196B7DE5000B17C6 /* GoodsInfoDBAccessor.swift in Sources */,
				FA460D65195ACBDC004F9C2A /* AFHTTPRequestOperation.m in Sources */,
				FA8FD168196CDDC600D6F7B6 /* LxbaseImageView.swift in Sources */,
				FA8FD170196CE24200D6F7B6 /* LxLabel.swift in Sources */,
				FA8FD15C196CD27300D6F7B6 /* GoodsListMainViewController.swift in Sources */,
				FA327B72196BCE0F000B17C6 /* GoodsListCollectionViewController.swift in Sources */,
				FA460D40195ACB33004F9C2A /* CoreDataHelper.swift in Sources */,
				FA8FD15E196CD2C400D6F7B6 /* LxbaseScrollView.swift in Sources */,
				FA327B6E196BC84F000B17C6 /* PhotoCell.swift in Sources */,
				FA460D4D195ACB8D004F9C2A /* String.swift in Sources */,
				FA8FD16C196CE09400D6F7B6 /* LxbaseLabel.swift in Sources */,
				FA193038196EC245007281C0 /* GoodsAreaView.swift in Sources */,
				FA460D46195ACB60004F9C2A /* LxbaseEntity.swift in Sources */,
				FA460D36195ACAB1004F9C2A /* LxAPPContainer.swift in Sources */,
				FA460D7F195ACBF0004F9C2A /* AFNetworkActivityIndicatorManager.m in Sources */,
				FAE9AF6A196FBE410024091D /* LxAreaInfoEntity.swift in Sources */,
				FA460D6D195ACBDC004F9C2A /* AFURLSessionManager.m in Sources */,
				FA5FD1DC196540A5002D2F40 /* LxbaseTableView.swift in Sources */,
				FA5FD1E019654147002D2F40 /* LxbaseView.swift in Sources */,
				FA221EB519639FAB00AFC777 /* LxNetHelper.swift in Sources */,
				FA460D67195ACBDC004F9C2A /* AFHTTPSessionManager.m in Sources */,
				FA8FD160196CD2F900D6F7B6 /* LxbaseTableViewCell.swift in Sources */,
				FA8FD16A196CDF7000D6F7B6 /* LxImageView.swift in Sources */,
				FA460D4A195ACB69004F9C2A /* LxUserInfoEntity.swift in Sources */,
				FA8D18F6196E97350073FCBD /* GoodsAreaScrollView.swift in Sources */,
				FA327B70196BCD78000B17C6 /* LxbaseCollectionViewController.swift in Sources */,
				FA460D68195ACBDC004F9C2A /* AFNetworkReachabilityManager.m in Sources */,
				FA5FD1D2196529B5002D2F40 /* LxbaseSplitViewController.swift in Sources */,
				FA8FD162196CD34B00D6F7B6 /* GoodsTableViewCell.swift in Sources */,
				FA460D3C195ACB01004F9C2A /* LxbaseViewController.swift in Sources */,
				FA460D83195ACBF0004F9C2A /* UIImageView+AFNetworking.m in Sources */,
				FA5FD1D419652AD4002D2F40 /* MainSplitViewController.swift in Sources */,
				FA460D84195ACBF0004F9C2A /* UIProgressView+AFNetworking.m in Sources */,
				FA327B68196B7DA9000B17C6 /* UserInfoDBAccessor.swift in Sources */,
				FA5FD1D619652B2A002D2F40 /* LxbaseNavigationController.swift in Sources */,
				FA327B66196B7D0F000B17C6 /* AppInfoDBAccessor.swift in Sources */,
				FA2DF6BA195BB030001269D8 /* MainTestViewController.swift in Sources */,
				FA5D51B0196A651200A308AD /* LxGoodsInfoEntity.swift in Sources */,
				FA5FD1D819652B7F002D2F40 /* MainNavigationController.swift in Sources */,
				FA460D6C195ACBDC004F9C2A /* AFURLResponseSerialization.m in Sources */,
				FA460D85195ACBF0004F9C2A /* UIRefreshControl+AFNetworking.m in Sources */,
				FA460D6B195ACBDC004F9C2A /* AFURLRequestSerialization.m in Sources */,
				FA460D6A195ACBDC004F9C2A /* AFURLConnectionOperation.m in Sources */,
				FA460D82195ACBF0004F9C2A /* UIButton+AFNetworking.m in Sources */,
				FA460D80195ACBF0004F9C2A /* UIActivityIndicatorView+AFNetworking.m in Sources */,
				FA5FD1E4196541DB002D2F40 /* LxbaseTableViewController.swift in Sources */,
				FA460D66195ACBDC004F9C2A /* AFHTTPRequestOperationManager.m in Sources */,
				FA221EB91963A91D00AFC777 /* MBProgressHUD.m in Sources */,
				FA460D1B195AC9B6004F9C2A /* Travelforuser.xcdatamodeld in Sources */,
				FA327B6C196BC734000B17C6 /* LxbaseCollectionViewCell.swift in Sources */,
				FA460D49195ACB69004F9C2A /* LxAppInfoEntity.swift in Sources */,
				FA460D69195ACBDC004F9C2A /* AFSecurityPolicy.m in Sources */,
				FA5FD1E6196541F8002D2F40 /* MainTableViewController.swift in Sources */,
				FA5FD1E219654179002D2F40 /* MainView.swift in Sources */,
				FA460D41195ACB33004F9C2A /* LxDBAccessor.swift in Sources */,
				FA460D86195ACBF0004F9C2A /* UIWebView+AFNetworking.m in Sources */,
				FA460D18195AC9B6004F9C2A /* AppDelegate.swift in Sources */,
				FA460D37195ACAB1004F9C2A /* LxServiceInfo.swift in Sources */,
				FA5FD1D0196522B3002D2F40 /* MainViewController.swift in Sources */,
				FA8FD166196CD93200D6F7B6 /* GoodsListTableView.swift in Sources */,
				FA460D81195ACBF0004F9C2A /* UIAlertView+AFNetworking.m in Sources */,
				FA8D18F4196E97010073FCBD /* GoodsAreaTableViewCell.swift in Sources */,
			);
			runOnlyForDeploymentPostprocessing = 0;
		};
		FA460D1E195AC9B6004F9C2A /* Sources */ = {
			isa = PBXSourcesBuildPhase;
			buildActionMask = 2147483647;
			files = (
				FA460D29195AC9B6004F9C2A /* TravelforuserTests.swift in Sources */,
			);
			runOnlyForDeploymentPostprocessing = 0;
		};
/* End PBXSourcesBuildPhase section */

/* Begin PBXTargetDependency section */
		FA460D24195AC9B6004F9C2A /* PBXTargetDependency */ = {
			isa = PBXTargetDependency;
			target = FA460D11195AC9B6004F9C2A /* Travelforuser */;
			targetProxy = FA460D23195AC9B6004F9C2A /* PBXContainerItemProxy */;
		};
/* End PBXTargetDependency section */

/* Begin PBXVariantGroup section */
		FA460D8B195AD140004F9C2A /* InfoPlist.strings */ = {
			isa = PBXVariantGroup;
			children = (
				FA460D8A195AD140004F9C2A /* en */,
				FA460D91195AD1A5004F9C2A /* ja */,
				FA460D93195AD1B2004F9C2A /* zh-Hans */,
			);
			name = InfoPlist.strings;
			sourceTree = "<group>";
		};
		FA460D90195AD175004F9C2A /* Localizable.strings */ = {
			isa = PBXVariantGroup;
			children = (
				FA460D8F195AD175004F9C2A /* en */,
				FA460D92195AD1A5004F9C2A /* ja */,
				FA460D94195AD1B2004F9C2A /* zh-Hans */,
			);
			name = Localizable.strings;
			sourceTree = "<group>";
		};
/* End PBXVariantGroup section */

/* Begin XCBuildConfiguration section */
		FA460D2A195AC9B6004F9C2A /* Debug */ = {
			isa = XCBuildConfiguration;
			buildSettings = {
				ALWAYS_SEARCH_USER_PATHS = NO;
				CLANG_CXX_LANGUAGE_STANDARD = "gnu++0x";
				CLANG_CXX_LIBRARY = "libc++";
				CLANG_ENABLE_MODULES = YES;
				CLANG_ENABLE_OBJC_ARC = YES;
				CLANG_WARN_BOOL_CONVERSION = YES;
				CLANG_WARN_CONSTANT_CONVERSION = YES;
				CLANG_WARN_DIRECT_OBJC_ISA_USAGE = YES_ERROR;
				CLANG_WARN_EMPTY_BODY = YES;
				CLANG_WARN_ENUM_CONVERSION = YES;
				CLANG_WARN_INT_CONVERSION = YES;
				CLANG_WARN_OBJC_ROOT_CLASS = YES_ERROR;
				CLANG_WARN_UNREACHABLE_CODE = YES;
				CLANG_WARN__DUPLICATE_METHOD_MATCH = YES;
				"CODE_SIGN_IDENTITY[sdk=iphoneos*]" = "iPhone Developer";
				COPY_PHASE_STRIP = NO;
				ENABLE_STRICT_OBJC_MSGSEND = YES;
				GCC_C_LANGUAGE_STANDARD = gnu99;
				GCC_DYNAMIC_NO_PIC = NO;
				GCC_OPTIMIZATION_LEVEL = 0;
				GCC_PREPROCESSOR_DEFINITIONS = (
					"DEBUG=1",
					"$(inherited)",
				);
				GCC_SYMBOLS_PRIVATE_EXTERN = NO;
				GCC_WARN_64_TO_32_BIT_CONVERSION = YES;
				GCC_WARN_ABOUT_RETURN_TYPE = YES_ERROR;
				GCC_WARN_UNDECLARED_SELECTOR = YES;
				GCC_WARN_UNINITIALIZED_AUTOS = YES_AGGRESSIVE;
				GCC_WARN_UNUSED_FUNCTION = YES;
				GCC_WARN_UNUSED_VARIABLE = YES;
				IPHONEOS_DEPLOYMENT_TARGET = 8.0;
				METAL_ENABLE_DEBUG_INFO = YES;
				ONLY_ACTIVE_ARCH = YES;
				SDKROOT = iphoneos;
				SWIFT_OPTIMIZATION_LEVEL = "-Onone";
			};
			name = Debug;
		};
		FA460D2B195AC9B6004F9C2A /* Release */ = {
			isa = XCBuildConfiguration;
			buildSettings = {
				ALWAYS_SEARCH_USER_PATHS = NO;
				CLANG_CXX_LANGUAGE_STANDARD = "gnu++0x";
				CLANG_CXX_LIBRARY = "libc++";
				CLANG_ENABLE_MODULES = YES;
				CLANG_ENABLE_OBJC_ARC = YES;
				CLANG_WARN_BOOL_CONVERSION = YES;
				CLANG_WARN_CONSTANT_CONVERSION = YES;
				CLANG_WARN_DIRECT_OBJC_ISA_USAGE = YES_ERROR;
				CLANG_WARN_EMPTY_BODY = YES;
				CLANG_WARN_ENUM_CONVERSION = YES;
				CLANG_WARN_INT_CONVERSION = YES;
				CLANG_WARN_OBJC_ROOT_CLASS = YES_ERROR;
				CLANG_WARN_UNREACHABLE_CODE = YES;
				CLANG_WARN__DUPLICATE_METHOD_MATCH = YES;
				"CODE_SIGN_IDENTITY[sdk=iphoneos*]" = "iPhone Developer";
				COPY_PHASE_STRIP = YES;
				ENABLE_NS_ASSERTIONS = NO;
				ENABLE_STRICT_OBJC_MSGSEND = YES;
				GCC_C_LANGUAGE_STANDARD = gnu99;
				GCC_WARN_64_TO_32_BIT_CONVERSION = YES;
				GCC_WARN_ABOUT_RETURN_TYPE = YES_ERROR;
				GCC_WARN_UNDECLARED_SELECTOR = YES;
				GCC_WARN_UNINITIALIZED_AUTOS = YES_AGGRESSIVE;
				GCC_WARN_UNUSED_FUNCTION = YES;
				GCC_WARN_UNUSED_VARIABLE = YES;
				IPHONEOS_DEPLOYMENT_TARGET = 8.0;
				METAL_ENABLE_DEBUG_INFO = NO;
				SDKROOT = iphoneos;
				VALIDATE_PRODUCT = YES;
			};
			name = Release;
		};
		FA460D2D195AC9B6004F9C2A /* Debug */ = {
			isa = XCBuildConfiguration;
			buildSettings = {
				ASSETCATALOG_COMPILER_APPICON_NAME = AppIcon;
				ASSETCATALOG_COMPILER_LAUNCHIMAGE_NAME = LaunchImage;
				CODE_SIGN_IDENTITY = "iPhone Developer";
				"CODE_SIGN_IDENTITY[sdk=iphoneos*]" = "iPhone Developer";
				INFOPLIST_FILE = Travelforuser/Info.plist;
				LD_RUNPATH_SEARCH_PATHS = "$(inherited) @executable_path/Frameworks";
				PRODUCT_NAME = "$(TARGET_NAME)";
				PROVISIONING_PROFILE = "";
				SWIFT_OBJC_BRIDGING_HEADER = "$(PROJECT_NAME)/constant/Travelforuser-Bridging-Header.h";
			};
			name = Debug;
		};
		FA460D2E195AC9B6004F9C2A /* Release */ = {
			isa = XCBuildConfiguration;
			buildSettings = {
				ASSETCATALOG_COMPILER_APPICON_NAME = AppIcon;
				ASSETCATALOG_COMPILER_LAUNCHIMAGE_NAME = LaunchImage;
				CODE_SIGN_IDENTITY = "iPhone Developer";
				"CODE_SIGN_IDENTITY[sdk=iphoneos*]" = "iPhone Developer";
				INFOPLIST_FILE = Travelforuser/Info.plist;
				LD_RUNPATH_SEARCH_PATHS = "$(inherited) @executable_path/Frameworks";
				PRODUCT_NAME = "$(TARGET_NAME)";
				PROVISIONING_PROFILE = "";
				SWIFT_OBJC_BRIDGING_HEADER = "$(PROJECT_NAME)/constant/Travelforuser-Bridging-Header.h";
			};
			name = Release;
		};
		FA460D30195AC9B6004F9C2A /* Debug */ = {
			isa = XCBuildConfiguration;
			buildSettings = {
				BUNDLE_LOADER = "$(BUILT_PRODUCTS_DIR)/Travelforuser.app/Travelforuser";
				FRAMEWORK_SEARCH_PATHS = (
					"$(SDKROOT)/Developer/Library/Frameworks",
					"$(inherited)",
				);
				GCC_PREPROCESSOR_DEFINITIONS = (
					"DEBUG=1",
					"$(inherited)",
				);
				INFOPLIST_FILE = TravelforuserTests/Info.plist;
				LD_RUNPATH_SEARCH_PATHS = "$(inherited) @executable_path/Frameworks @loader_path/Frameworks";
				METAL_ENABLE_DEBUG_INFO = YES;
				PRODUCT_NAME = "$(TARGET_NAME)";
				TEST_HOST = "$(BUNDLE_LOADER)";
			};
			name = Debug;
		};
		FA460D31195AC9B6004F9C2A /* Release */ = {
			isa = XCBuildConfiguration;
			buildSettings = {
				BUNDLE_LOADER = "$(BUILT_PRODUCTS_DIR)/Travelforuser.app/Travelforuser";
				FRAMEWORK_SEARCH_PATHS = (
					"$(SDKROOT)/Developer/Library/Frameworks",
					"$(inherited)",
				);
				INFOPLIST_FILE = TravelforuserTests/Info.plist;
				LD_RUNPATH_SEARCH_PATHS = "$(inherited) @executable_path/Frameworks @loader_path/Frameworks";
				METAL_ENABLE_DEBUG_INFO = NO;
				PRODUCT_NAME = "$(TARGET_NAME)";
				TEST_HOST = "$(BUNDLE_LOADER)";
			};
			name = Release;
		};
/* End XCBuildConfiguration section */

/* Begin XCConfigurationList section */
		FA460D0D195AC9B6004F9C2A /* Build configuration list for PBXProject "Travelforuser" */ = {
			isa = XCConfigurationList;
			buildConfigurations = (
				FA460D2A195AC9B6004F9C2A /* Debug */,
				FA460D2B195AC9B6004F9C2A /* Release */,
			);
			defaultConfigurationIsVisible = 0;
			defaultConfigurationName = Release;
		};
		FA460D2C195AC9B6004F9C2A /* Build configuration list for PBXNativeTarget "Travelforuser" */ = {
			isa = XCConfigurationList;
			buildConfigurations = (
				FA460D2D195AC9B6004F9C2A /* Debug */,
				FA460D2E195AC9B6004F9C2A /* Release */,
			);
			defaultConfigurationIsVisible = 0;
			defaultConfigurationName = Release;
		};
		FA460D2F195AC9B6004F9C2A /* Build configuration list for PBXNativeTarget "TravelforuserTests" */ = {
			isa = XCConfigurationList;
			buildConfigurations = (
				FA460D30195AC9B6004F9C2A /* Debug */,
				FA460D31195AC9B6004F9C2A /* Release */,
			);
			defaultConfigurationIsVisible = 0;
			defaultConfigurationName = Release;
		};
/* End XCConfigurationList section */

/* Begin XCVersionGroup section */
		FA460D19195AC9B6004F9C2A /* Travelforuser.xcdatamodeld */ = {
			isa = XCVersionGroup;
			children = (
				FA460D1A195AC9B6004F9C2A /* Travelforuser.xcdatamodel */,
			);
			currentVersion = FA460D1A195AC9B6004F9C2A /* Travelforuser.xcdatamodel */;
			path = Travelforuser.xcdatamodeld;
			sourceTree = "<group>";
			versionGroupType = wrapper.xcdatamodel;
		};
/* End XCVersionGroup section */
	};
	rootObject = FA460D0A195AC9B6004F9C2A /* Project object */;
}
